// !$*UTF8*$!
{
	archiveVersion = 1;
	classes = {
	};
	objectVersion = 56;
	objects = {

/* Begin PBXBuildFile section */
		184654B82C0453C600DC6737 /* AppDelegate.swift in Sources */ = {isa = PBXBuildFile; fileRef = 184654B72C0453C600DC6737 /* AppDelegate.swift */; };
		184654BA2C0453C600DC6737 /* SceneDelegate.swift in Sources */ = {isa = PBXBuildFile; fileRef = 184654B92C0453C600DC6737 /* SceneDelegate.swift */; };
		184654C12C0453C700DC6737 /* Assets.xcassets in Resources */ = {isa = PBXBuildFile; fileRef = 184654C02C0453C700DC6737 /* Assets.xcassets */; };
		184654C42C0453C700DC6737 /* LaunchScreen.storyboard in Resources */ = {isa = PBXBuildFile; fileRef = 184654C22C0453C700DC6737 /* LaunchScreen.storyboard */; };
		184654CE2C04615100DC6737 /* SearchVC.swift in Sources */ = {isa = PBXBuildFile; fileRef = 184654CD2C04615100DC6737 /* SearchVC.swift */; };
		184654D02C04616500DC6737 /* FavouriteListVC.swift in Sources */ = {isa = PBXBuildFile; fileRef = 184654CF2C04616500DC6737 /* FavouriteListVC.swift */; };
		184654D22C04824F00DC6737 /* GFButton.swift in Sources */ = {isa = PBXBuildFile; fileRef = 184654D12C04824F00DC6737 /* GFButton.swift */; };
		184654D42C0488F100DC6737 /* GFTextfield.swift in Sources */ = {isa = PBXBuildFile; fileRef = 184654D32C0488F100DC6737 /* GFTextfield.swift */; };
		184654D62C04AAA900DC6737 /* FollowersListVC.swift in Sources */ = {isa = PBXBuildFile; fileRef = 184654D52C04AAA900DC6737 /* FollowersListVC.swift */; };
		184654D82C05640700DC6737 /* GFTitleLabel.swift in Sources */ = {isa = PBXBuildFile; fileRef = 184654D72C05640700DC6737 /* GFTitleLabel.swift */; };
		184654DA2C05660600DC6737 /* GFBodyLabel.swift in Sources */ = {isa = PBXBuildFile; fileRef = 184654D92C05660600DC6737 /* GFBodyLabel.swift */; };
		184654DC2C0566F200DC6737 /* GFAlertVC.swift in Sources */ = {isa = PBXBuildFile; fileRef = 184654DB2C0566F200DC6737 /* GFAlertVC.swift */; };
		184654DE2C0575E400DC6737 /* UIViewController+Ext.swift in Sources */ = {isa = PBXBuildFile; fileRef = 184654DD2C0575E400DC6737 /* UIViewController+Ext.swift */; };
		184654E52C058BFF00DC6737 /* Follower.swift in Sources */ = {isa = PBXBuildFile; fileRef = 184654E42C058BFF00DC6737 /* Follower.swift */; };
		184654E72C058CA900DC6737 /* User.swift in Sources */ = {isa = PBXBuildFile; fileRef = 184654E62C058CA900DC6737 /* User.swift */; };
		184654EA2C059BC300DC6737 /* NetworkManager.swift in Sources */ = {isa = PBXBuildFile; fileRef = 184654E92C059BC300DC6737 /* NetworkManager.swift */; };
		184654ED2C05A9D600DC6737 /* ErrorMessage.swift in Sources */ = {isa = PBXBuildFile; fileRef = 184654EC2C05A9D600DC6737 /* ErrorMessage.swift */; };
/* End PBXBuildFile section */

/* Begin PBXFileReference section */
		184654B42C0453C600DC6737 /* GHFollowers.app */ = {isa = PBXFileReference; explicitFileType = wrapper.application; includeInIndex = 0; path = GHFollowers.app; sourceTree = BUILT_PRODUCTS_DIR; };
		184654B72C0453C600DC6737 /* AppDelegate.swift */ = {isa = PBXFileReference; lastKnownFileType = sourcecode.swift; path = AppDelegate.swift; sourceTree = "<group>"; };
		184654B92C0453C600DC6737 /* SceneDelegate.swift */ = {isa = PBXFileReference; lastKnownFileType = sourcecode.swift; path = SceneDelegate.swift; sourceTree = "<group>"; };
		184654C02C0453C700DC6737 /* Assets.xcassets */ = {isa = PBXFileReference; lastKnownFileType = folder.assetcatalog; path = Assets.xcassets; sourceTree = "<group>"; };
		184654C32C0453C700DC6737 /* Base */ = {isa = PBXFileReference; lastKnownFileType = file.storyboard; name = Base; path = Base.lproj/LaunchScreen.storyboard; sourceTree = "<group>"; };
		184654C52C0453C700DC6737 /* Info.plist */ = {isa = PBXFileReference; lastKnownFileType = text.plist.xml; path = Info.plist; sourceTree = "<group>"; };
		184654CD2C04615100DC6737 /* SearchVC.swift */ = {isa = PBXFileReference; lastKnownFileType = sourcecode.swift; path = SearchVC.swift; sourceTree = "<group>"; };
		184654CF2C04616500DC6737 /* FavouriteListVC.swift */ = {isa = PBXFileReference; lastKnownFileType = sourcecode.swift; path = FavouriteListVC.swift; sourceTree = "<group>"; };
		184654D12C04824F00DC6737 /* GFButton.swift */ = {isa = PBXFileReference; lastKnownFileType = sourcecode.swift; path = GFButton.swift; sourceTree = "<group>"; };
		184654D32C0488F100DC6737 /* GFTextfield.swift */ = {isa = PBXFileReference; lastKnownFileType = sourcecode.swift; path = GFTextfield.swift; sourceTree = "<group>"; };
		184654D52C04AAA900DC6737 /* FollowersListVC.swift */ = {isa = PBXFileReference; lastKnownFileType = sourcecode.swift; path = FollowersListVC.swift; sourceTree = "<group>"; };
		184654D72C05640700DC6737 /* GFTitleLabel.swift */ = {isa = PBXFileReference; lastKnownFileType = sourcecode.swift; path = GFTitleLabel.swift; sourceTree = "<group>"; };
		184654D92C05660600DC6737 /* GFBodyLabel.swift */ = {isa = PBXFileReference; lastKnownFileType = sourcecode.swift; path = GFBodyLabel.swift; sourceTree = "<group>"; };
		184654DB2C0566F200DC6737 /* GFAlertVC.swift */ = {isa = PBXFileReference; lastKnownFileType = sourcecode.swift; path = GFAlertVC.swift; sourceTree = "<group>"; };
		184654DD2C0575E400DC6737 /* UIViewController+Ext.swift */ = {isa = PBXFileReference; lastKnownFileType = sourcecode.swift; path = "UIViewController+Ext.swift"; sourceTree = "<group>"; };
		184654E42C058BFF00DC6737 /* Follower.swift */ = {isa = PBXFileReference; lastKnownFileType = sourcecode.swift; path = Follower.swift; sourceTree = "<group>"; };
		184654E62C058CA900DC6737 /* User.swift */ = {isa = PBXFileReference; lastKnownFileType = sourcecode.swift; path = User.swift; sourceTree = "<group>"; };
		184654E92C059BC300DC6737 /* NetworkManager.swift */ = {isa = PBXFileReference; lastKnownFileType = sourcecode.swift; path = NetworkManager.swift; sourceTree = "<group>"; };
		184654EC2C05A9D600DC6737 /* ErrorMessage.swift */ = {isa = PBXFileReference; lastKnownFileType = sourcecode.swift; path = ErrorMessage.swift; sourceTree = "<group>"; };
/* End PBXFileReference section */

/* Begin PBXFrameworksBuildPhase section */
		184654B12C0453C600DC6737 /* Frameworks */ = {
			isa = PBXFrameworksBuildPhase;
			buildActionMask = 2147483647;
			files = (
			);
			runOnlyForDeploymentPostprocessing = 0;
		};
/* End PBXFrameworksBuildPhase section */

/* Begin PBXGroup section */
		184654AB2C0453C600DC6737 = {
			isa = PBXGroup;
			children = (
				184654B62C0453C600DC6737 /* GHFollowers */,
				184654B52C0453C600DC6737 /* Products */,
			);
			sourceTree = "<group>";
		};
		184654B52C0453C600DC6737 /* Products */ = {
			isa = PBXGroup;
			children = (
				184654B42C0453C600DC6737 /* GHFollowers.app */,
			);
			name = Products;
			sourceTree = "<group>";
		};
		184654B62C0453C600DC6737 /* GHFollowers */ = {
			isa = PBXGroup;
			children = (
				184654EB2C05A91800DC6737 /* Utilities */,
				184654C52C0453C700DC6737 /* Info.plist */,
				184654E82C059BA800DC6737 /* Managers */,
				184654E32C058BD600DC6737 /* Model */,
				184654E22C057A7D00DC6737 /* Support */,
				184654E12C057A1800DC6737 /* Extensions */,
				184654E02C0579FA00DC6737 /* Custom Views */,
				184654DF2C0579D200DC6737 /* Screens */,
			);
			path = GHFollowers;
			sourceTree = "<group>";
		};
		184654DF2C0579D200DC6737 /* Screens */ = {
			isa = PBXGroup;
			children = (
				184654CD2C04615100DC6737 /* SearchVC.swift */,
				184654CF2C04616500DC6737 /* FavouriteListVC.swift */,
				184654D52C04AAA900DC6737 /* FollowersListVC.swift */,
			);
			path = Screens;
			sourceTree = "<group>";
		};
		184654E02C0579FA00DC6737 /* Custom Views */ = {
			isa = PBXGroup;
			children = (
				184654D12C04824F00DC6737 /* GFButton.swift */,
				184654D32C0488F100DC6737 /* GFTextfield.swift */,
				184654D72C05640700DC6737 /* GFTitleLabel.swift */,
				184654D92C05660600DC6737 /* GFBodyLabel.swift */,
			);
			path = "Custom Views";
			sourceTree = "<group>";
		};
		184654E12C057A1800DC6737 /* Extensions */ = {
			isa = PBXGroup;
			children = (
				184654DD2C0575E400DC6737 /* UIViewController+Ext.swift */,
			);
			path = Extensions;
			sourceTree = "<group>";
		};
		184654E22C057A7D00DC6737 /* Support */ = {
			isa = PBXGroup;
			children = (
				184654B72C0453C600DC6737 /* AppDelegate.swift */,
				184654B92C0453C600DC6737 /* SceneDelegate.swift */,
				184654DB2C0566F200DC6737 /* GFAlertVC.swift */,
				184654C02C0453C700DC6737 /* Assets.xcassets */,
				184654C22C0453C700DC6737 /* LaunchScreen.storyboard */,
			);
			path = Support;
			sourceTree = "<group>";
		};
		184654E32C058BD600DC6737 /* Model */ = {
			isa = PBXGroup;
			children = (
				184654E42C058BFF00DC6737 /* Follower.swift */,
				184654E62C058CA900DC6737 /* User.swift */,
			);
			path = Model;
			sourceTree = "<group>";
		};
		184654E82C059BA800DC6737 /* Managers */ = {
			isa = PBXGroup;
			children = (
				184654E92C059BC300DC6737 /* NetworkManager.swift */,
			);
			path = Managers;
			sourceTree = "<group>";
		};
		184654EB2C05A91800DC6737 /* Utilities */ = {
			isa = PBXGroup;
			children = (
				184654EC2C05A9D600DC6737 /* ErrorMessage.swift */,
			);
			path = Utilities;
			sourceTree = "<group>";
		};
/* End PBXGroup section */

/* Begin PBXNativeTarget section */
		184654B32C0453C600DC6737 /* GHFollowers */ = {
			isa = PBXNativeTarget;
			buildConfigurationList = 184654C82C0453C700DC6737 /* Build configuration list for PBXNativeTarget "GHFollowers" */;
			buildPhases = (
				184654B02C0453C600DC6737 /* Sources */,
				184654B12C0453C600DC6737 /* Frameworks */,
				184654B22C0453C600DC6737 /* Resources */,
			);
			buildRules = (
			);
			dependencies = (
			);
			name = GHFollowers;
			productName = GHFollowers;
			productReference = 184654B42C0453C600DC6737 /* GHFollowers.app */;
			productType = "com.apple.product-type.application";
		};
/* End PBXNativeTarget section */

/* Begin PBXProject section */
		184654AC2C0453C600DC6737 /* Project object */ = {
			isa = PBXProject;
			attributes = {
				BuildIndependentTargetsInParallel = 1;
				LastSwiftUpdateCheck = 1420;
				LastUpgradeCheck = 1420;
				TargetAttributes = {
					184654B32C0453C600DC6737 = {
						CreatedOnToolsVersion = 14.2;
					};
				};
			};
			buildConfigurationList = 184654AF2C0453C600DC6737 /* Build configuration list for PBXProject "GHFollowers" */;
			compatibilityVersion = "Xcode 14.0";
			developmentRegion = en;
			hasScannedForEncodings = 0;
			knownRegions = (
				en,
				Base,
			);
			mainGroup = 184654AB2C0453C600DC6737;
			productRefGroup = 184654B52C0453C600DC6737 /* Products */;
			projectDirPath = "";
			projectRoot = "";
			targets = (
				184654B32C0453C600DC6737 /* GHFollowers */,
			);
		};
/* End PBXProject section */

/* Begin PBXResourcesBuildPhase section */
		184654B22C0453C600DC6737 /* Resources */ = {
			isa = PBXResourcesBuildPhase;
			buildActionMask = 2147483647;
			files = (
				184654C42C0453C700DC6737 /* LaunchScreen.storyboard in Resources */,
				184654C12C0453C700DC6737 /* Assets.xcassets in Resources */,
			);
			runOnlyForDeploymentPostprocessing = 0;
		};
/* End PBXResourcesBuildPhase section */

/* Begin PBXSourcesBuildPhase section */
		184654B02C0453C600DC6737 /* Sources */ = {
			isa = PBXSourcesBuildPhase;
			buildActionMask = 2147483647;
			files = (
				184654E72C058CA900DC6737 /* User.swift in Sources */,
				184654D42C0488F100DC6737 /* GFTextfield.swift in Sources */,
				184654D62C04AAA900DC6737 /* FollowersListVC.swift in Sources */,
				184654CE2C04615100DC6737 /* SearchVC.swift in Sources */,
				184654DE2C0575E400DC6737 /* UIViewController+Ext.swift in Sources */,
				184654D22C04824F00DC6737 /* GFButton.swift in Sources */,
				184654DC2C0566F200DC6737 /* GFAlertVC.swift in Sources */,
				184654ED2C05A9D600DC6737 /* ErrorMessage.swift in Sources */,
				184654DA2C05660600DC6737 /* GFBodyLabel.swift in Sources */,
				184654E52C058BFF00DC6737 /* Follower.swift in Sources */,
				184654D82C05640700DC6737 /* GFTitleLabel.swift in Sources */,
				184654EA2C059BC300DC6737 /* NetworkManager.swift in Sources */,
				184654D02C04616500DC6737 /* FavouriteListVC.swift in Sources */,
				184654B82C0453C600DC6737 /* AppDelegate.swift in Sources */,
				184654BA2C0453C600DC6737 /* SceneDelegate.swift in Sources */,
			);
			runOnlyForDeploymentPostprocessing = 0;
		};
/* End PBXSourcesBuildPhase section */

/* Begin PBXVariantGroup section */
		184654C22C0453C700DC6737 /* LaunchScreen.storyboard */ = {
			isa = PBXVariantGroup;
			children = (
				184654C32C0453C700DC6737 /* Base */,
			);
			name = LaunchScreen.storyboard;
			sourceTree = "<group>";
		};
/* End PBXVariantGroup section */

/* Begin XCBuildConfiguration section */
		184654C62C0453C700DC6737 /* Debug */ = {
			isa = XCBuildConfiguration;
			buildSettings = {
				ALWAYS_SEARCH_USER_PATHS = NO;
				CLANG_ANALYZER_NONNULL = YES;
				CLANG_ANALYZER_NUMBER_OBJECT_CONVERSION = YES_AGGRESSIVE;
				CLANG_CXX_LANGUAGE_STANDARD = "gnu++20";
				CLANG_ENABLE_MODULES = YES;
				CLANG_ENABLE_OBJC_ARC = YES;
				CLANG_ENABLE_OBJC_WEAK = YES;
				CLANG_WARN_BLOCK_CAPTURE_AUTORELEASING = YES;
				CLANG_WARN_BOOL_CONVERSION = YES;
				CLANG_WARN_COMMA = YES;
				CLANG_WARN_CONSTANT_CONVERSION = YES;
				CLANG_WARN_DEPRECATED_OBJC_IMPLEMENTATIONS = YES;
				CLANG_WARN_DIRECT_OBJC_ISA_USAGE = YES_ERROR;
				CLANG_WARN_DOCUMENTATION_COMMENTS = YES;
				CLANG_WARN_EMPTY_BODY = YES;
				CLANG_WARN_ENUM_CONVERSION = YES;
				CLANG_WARN_INFINITE_RECURSION = YES;
				CLANG_WARN_INT_CONVERSION = YES;
				CLANG_WARN_NON_LITERAL_NULL_CONVERSION = YES;
				CLANG_WARN_OBJC_IMPLICIT_RETAIN_SELF = YES;
				CLANG_WARN_OBJC_LITERAL_CONVERSION = YES;
				CLANG_WARN_OBJC_ROOT_CLASS = YES_ERROR;
				CLANG_WARN_QUOTED_INCLUDE_IN_FRAMEWORK_HEADER = YES;
				CLANG_WARN_RANGE_LOOP_ANALYSIS = YES;
				CLANG_WARN_STRICT_PROTOTYPES = YES;
				CLANG_WARN_SUSPICIOUS_MOVE = YES;
				CLANG_WARN_UNGUARDED_AVAILABILITY = YES_AGGRESSIVE;
				CLANG_WARN_UNREACHABLE_CODE = YES;
				CLANG_WARN__DUPLICATE_METHOD_MATCH = YES;
				COPY_PHASE_STRIP = NO;
				DEBUG_INFORMATION_FORMAT = dwarf;
				ENABLE_STRICT_OBJC_MSGSEND = YES;
				ENABLE_TESTABILITY = YES;
				GCC_C_LANGUAGE_STANDARD = gnu11;
				GCC_DYNAMIC_NO_PIC = NO;
				GCC_NO_COMMON_BLOCKS = YES;
				GCC_OPTIMIZATION_LEVEL = 0;
				GCC_PREPROCESSOR_DEFINITIONS = (
					"DEBUG=1",
					"$(inherited)",
				);
				GCC_WARN_64_TO_32_BIT_CONVERSION = YES;
				GCC_WARN_ABOUT_RETURN_TYPE = YES_ERROR;
				GCC_WARN_UNDECLARED_SELECTOR = YES;
				GCC_WARN_UNINITIALIZED_AUTOS = YES_AGGRESSIVE;
				GCC_WARN_UNUSED_FUNCTION = YES;
				GCC_WARN_UNUSED_VARIABLE = YES;
				IPHONEOS_DEPLOYMENT_TARGET = 16.2;
				MTL_ENABLE_DEBUG_INFO = INCLUDE_SOURCE;
				MTL_FAST_MATH = YES;
				ONLY_ACTIVE_ARCH = YES;
				SDKROOT = iphoneos;
				SWIFT_ACTIVE_COMPILATION_CONDITIONS = DEBUG;
				SWIFT_OPTIMIZATION_LEVEL = "-Onone";
			};
			name = Debug;
		};
		184654C72C0453C700DC6737 /* Release */ = {
			isa = XCBuildConfiguration;
			buildSettings = {
				ALWAYS_SEARCH_USER_PATHS = NO;
				CLANG_ANALYZER_NONNULL = YES;
				CLANG_ANALYZER_NUMBER_OBJECT_CONVERSION = YES_AGGRESSIVE;
				CLANG_CXX_LANGUAGE_STANDARD = "gnu++20";
				CLANG_ENABLE_MODULES = YES;
				CLANG_ENABLE_OBJC_ARC = YES;
				CLANG_ENABLE_OBJC_WEAK = YES;
				CLANG_WARN_BLOCK_CAPTURE_AUTORELEASING = YES;
				CLANG_WARN_BOOL_CONVERSION = YES;
				CLANG_WARN_COMMA = YES;
				CLANG_WARN_CONSTANT_CONVERSION = YES;
				CLANG_WARN_DEPRECATED_OBJC_IMPLEMENTATIONS = YES;
				CLANG_WARN_DIRECT_OBJC_ISA_USAGE = YES_ERROR;
				CLANG_WARN_DOCUMENTATION_COMMENTS = YES;
				CLANG_WARN_EMPTY_BODY = YES;
				CLANG_WARN_ENUM_CONVERSION = YES;
				CLANG_WARN_INFINITE_RECURSION = YES;
				CLANG_WARN_INT_CONVERSION = YES;
				CLANG_WARN_NON_LITERAL_NULL_CONVERSION = YES;
				CLANG_WARN_OBJC_IMPLICIT_RETAIN_SELF = YES;
				CLANG_WARN_OBJC_LITERAL_CONVERSION = YES;
				CLANG_WARN_OBJC_ROOT_CLASS = YES_ERROR;
				CLANG_WARN_QUOTED_INCLUDE_IN_FRAMEWORK_HEADER = YES;
				CLANG_WARN_RANGE_LOOP_ANALYSIS = YES;
				CLANG_WARN_STRICT_PROTOTYPES = YES;
				CLANG_WARN_SUSPICIOUS_MOVE = YES;
				CLANG_WARN_UNGUARDED_AVAILABILITY = YES_AGGRESSIVE;
				CLANG_WARN_UNREACHABLE_CODE = YES;
				CLANG_WARN__DUPLICATE_METHOD_MATCH = YES;
				COPY_PHASE_STRIP = NO;
				DEBUG_INFORMATION_FORMAT = "dwarf-with-dsym";
				ENABLE_NS_ASSERTIONS = NO;
				ENABLE_STRICT_OBJC_MSGSEND = YES;
				GCC_C_LANGUAGE_STANDARD = gnu11;
				GCC_NO_COMMON_BLOCKS = YES;
				GCC_WARN_64_TO_32_BIT_CONVERSION = YES;
				GCC_WARN_ABOUT_RETURN_TYPE = YES_ERROR;
				GCC_WARN_UNDECLARED_SELECTOR = YES;
				GCC_WARN_UNINITIALIZED_AUTOS = YES_AGGRESSIVE;
				GCC_WARN_UNUSED_FUNCTION = YES;
				GCC_WARN_UNUSED_VARIABLE = YES;
				IPHONEOS_DEPLOYMENT_TARGET = 16.2;
				MTL_ENABLE_DEBUG_INFO = NO;
				MTL_FAST_MATH = YES;
				SDKROOT = iphoneos;
				SWIFT_COMPILATION_MODE = wholemodule;
				SWIFT_OPTIMIZATION_LEVEL = "-O";
				VALIDATE_PRODUCT = YES;
			};
			name = Release;
		};
		184654C92C0453C700DC6737 /* Debug */ = {
			isa = XCBuildConfiguration;
			buildSettings = {
				ASSETCATALOG_COMPILER_APPICON_NAME = AppIcon;
				ASSETCATALOG_COMPILER_GLOBAL_ACCENT_COLOR_NAME = AccentColor;
				CODE_SIGN_STYLE = Automatic;
				CURRENT_PROJECT_VERSION = 1;
				DEVELOPMENT_TEAM = 3328NBF499;
				GENERATE_INFOPLIST_FILE = YES;
				INFOPLIST_FILE = GHFollowers/Info.plist;
				INFOPLIST_KEY_UIApplicationSupportsIndirectInputEvents = YES;
				INFOPLIST_KEY_UILaunchStoryboardName = LaunchScreen;
				INFOPLIST_KEY_UISupportedInterfaceOrientations = "UIInterfaceOrientationLandscapeLeft UIInterfaceOrientationLandscapeRight UIInterfaceOrientationPortrait";
				LD_RUNPATH_SEARCH_PATHS = (
					"$(inherited)",
					"@executable_path/Frameworks",
				);
				MARKETING_VERSION = 1.0;
				PRODUCT_BUNDLE_IDENTIFIER = com.peter.swift.GHFollowers;
				PRODUCT_NAME = "$(TARGET_NAME)";
				SWIFT_EMIT_LOC_STRINGS = YES;
				SWIFT_VERSION = 5.0;
				TARGETED_DEVICE_FAMILY = "1,2";
			};
			name = Debug;
		};
		184654CA2C0453C700DC6737 /* Release */ = {
			isa = XCBuildConfiguration;
			buildSettings = {
				ASSETCATALOG_COMPILER_APPICON_NAME = AppIcon;
				ASSETCATALOG_COMPILER_GLOBAL_ACCENT_COLOR_NAME = AccentColor;
				CODE_SIGN_STYLE = Automatic;
				CURRENT_PROJECT_VERSION = 1;
				DEVELOPMENT_TEAM = 3328NBF499;
				GENERATE_INFOPLIST_FILE = YES;
				INFOPLIST_FILE = GHFollowers/Info.plist;
				INFOPLIST_KEY_UIApplicationSupportsIndirectInputEvents = YES;
				INFOPLIST_KEY_UILaunchStoryboardName = LaunchScreen;
				INFOPLIST_KEY_UISupportedInterfaceOrientations = "UIInterfaceOrientationLandscapeLeft UIInterfaceOrientationLandscapeRight UIInterfaceOrientationPortrait";
				LD_RUNPATH_SEARCH_PATHS = (
					"$(inherited)",
					"@executable_path/Frameworks",
				);
				MARKETING_VERSION = 1.0;
				PRODUCT_BUNDLE_IDENTIFIER = com.peter.swift.GHFollowers;
				PRODUCT_NAME = "$(TARGET_NAME)";
				SWIFT_EMIT_LOC_STRINGS = YES;
				SWIFT_VERSION = 5.0;
				TARGETED_DEVICE_FAMILY = "1,2";
			};
			name = Release;
		};
/* End XCBuildConfiguration section */

/* Begin XCConfigurationList section */
		184654AF2C0453C600DC6737 /* Build configuration list for PBXProject "GHFollowers" */ = {
			isa = XCConfigurationList;
			buildConfigurations = (
				184654C62C0453C700DC6737 /* Debug */,
				184654C72C0453C700DC6737 /* Release */,
			);
			defaultConfigurationIsVisible = 0;
			defaultConfigurationName = Release;
		};
		184654C82C0453C700DC6737 /* Build configuration list for PBXNativeTarget "GHFollowers" */ = {
			isa = XCConfigurationList;
			buildConfigurations = (
				184654C92C0453C700DC6737 /* Debug */,
				184654CA2C0453C700DC6737 /* Release */,
			);
			defaultConfigurationIsVisible = 0;
			defaultConfigurationName = Release;
		};
/* End XCConfigurationList section */
	};
	rootObject = 184654AC2C0453C600DC6737 /* Project object */;
}
